
Microsoft Visual Studio Solution File, Format Version 12.00
# Visual Studio 15
VisualStudioVersion = 15.0.28010.2050
MinimumVisualStudioVersion = 10.0.40219.1
Project("{9A19103F-16F7-4668-BE54-9A1E7A4F7556}") = "CirnoLib", "CirnoLib\CirnoLib.csproj", "{3EE0A809-4AFC-4F90-B061-9F742287DEDD}"
EndProject
Project("{9A19103F-16F7-4668-BE54-9A1E7A4F7556}") = "CirnoLib.Format", "CirnoLib.Format\CirnoLib.Format.csproj", "{5583D122-5EA3-4699-AA8C-CF19D8BCB069}"
EndProject
Project("{9A19103F-16F7-4668-BE54-9A1E7A4F7556}") = "CirnoLib.Jass", "CirnoLib.Jass\CirnoLib.Jass.csproj", "{F894F7BE-6BEC-4604-973F-0EA411134AAA}"
EndProject
Project("{9A19103F-16F7-4668-BE54-9A1E7A4F7556}") = "CirnoLib.MPQ", "CirnoLib.MPQ\CirnoLib.MPQ.csproj", "{071E596B-1359-4727-95C3-D937C622B774}"
EndProject
Global
	GlobalSection(SolutionConfigurationPlatforms) = preSolution
		Debug|x86 = Debug|x86
		Release|x86 = Release|x86
	EndGlobalSection
	GlobalSection(ProjectConfigurationPlatforms) = postSolution
		{3EE0A809-4AFC-4F90-B061-9F742287DEDD}.Debug|x86.ActiveCfg = Debug|x86
		{3EE0A809-4AFC-4F90-B061-9F742287DEDD}.Debug|x86.Build.0 = Debug|x86
		{3EE0A809-4AFC-4F90-B061-9F742287DEDD}.Release|x86.ActiveCfg = Release|x86
		{3EE0A809-4AFC-4F90-B061-9F742287DEDD}.Release|x86.Build.0 = Release|x86
		{3F188B0A-02AD-4829-AD49-A373CB655719}.Debug|x86.ActiveCfg = Debug|x86
		{3F188B0A-02AD-4829-AD49-A373CB655719}.Debug|x86.Build.0 = Debug|x86
		{3F188B0A-02AD-4829-AD49-A373CB655719}.Release|x86.ActiveCfg = Release|x86
		{3F188B0A-02AD-4829-AD49-A373CB655719}.Release|x86.Build.0 = Release|x86
		{5583D122-5EA3-4699-AA8C-CF19D8BCB069}.Debug|x86.ActiveCfg = Debug|x86
		{5583D122-5EA3-4699-AA8C-CF19D8BCB069}.Debug|x86.Build.0 = Debug|x86
		{5583D122-5EA3-4699-AA8C-CF19D8BCB069}.Release|x86.ActiveCfg = Release|x86
		{5583D122-5EA3-4699-AA8C-CF19D8BCB069}.Release|x86.Build.0 = Release|x86
		{F894F7BE-6BEC-4604-973F-0EA411134AAA}.Debug|x86.ActiveCfg = Debug|x86
		{F894F7BE-6BEC-4604-973F-0EA411134AAA}.Debug|x86.Build.0 = Debug|x86
		{F894F7BE-6BEC-4604-973F-0EA411134AAA}.Release|x86.ActiveCfg = Release|x86
		{F894F7BE-6BEC-4604-973F-0EA411134AAA}.Release|x86.Build.0 = Release|x86
		{071E596B-1359-4727-95C3-D937C622B774}.Debug|x86.ActiveCfg = Debug|x86
		{071E596B-1359-4727-95C3-D937C622B774}.Debug|x86.Build.0 = Debug|x86
		{071E596B-1359-4727-95C3-D937C622B774}.Release|x86.ActiveCfg = Release|x86
		{071E596B-1359-4727-95C3-D937C622B774}.Release|x86.Build.0 = Release|x86
	EndGlobalSection
	GlobalSection(SolutionProperties) = preSolution
		HideSolutionNode = FALSE
	EndGlobalSection
	GlobalSection(ExtensibilityGlobals) = postSolution
		SolutionGuid = {C0036F09-34B4-439B-9303-731D6CC5F196}
	EndGlobalSection
EndGlobal
